github.com/gocarina/gocsv v0.0.0-20240520201108-78e41c74b4b1 h1:FWNFq4fM1wPfcK40yHE5UO3RUdSNPaBC+j3PokzA6OQ=
github.com/gocarina/gocsv v0.0.0-20240520201108-78e41c74b4b1/go.mod h1:5YoVOkjYAQumqlV356Hj3xeYh4BdZuLE0/nRkf2NKkI=
github.com/hamradiolog-net/spec v0.0.0-20241230004539-1cea8f15e7b1 h1:gjUoKWNsg65/ZWSi2t14cZ6RCcE1l0UoI7OiwArvwcQ=
github.com/hamradiolog-net/spec v0.0.0-20241230004539-1cea8f15e7b1/go.mod h1:AgxZrFu7y8kbNn2w7Hf3OHo02LGUpMoWdDKKOMOqnZs=
